// !$*UTF8*$!
{
	archiveVersion = 1;
	classes = {
	};
	objectVersion = 52;
	objects = {

/* Begin PBXBuildFile section */
		6C17FF2E25F0DCE100E8F11D /* RangedBarChartDemoView.swift in Sources */ = {isa = PBXBuildFile; fileRef = 6C17FF2D25F0DCE100E8F11D /* RangedBarChartDemoView.swift */; };
		6C17FF2F25F0DCE100E8F11D /* RangedBarChartDemoView.swift in Sources */ = {isa = PBXBuildFile; fileRef = 6C17FF2D25F0DCE100E8F11D /* RangedBarChartDemoView.swift */; };
		6C17FF3025F0DCE100E8F11D /* RangedBarChartDemoView.swift in Sources */ = {isa = PBXBuildFile; fileRef = 6C17FF2D25F0DCE100E8F11D /* RangedBarChartDemoView.swift */; };
		6C18541B25AEF3BE00F2FAE0 /* Extra.swift in Sources */ = {isa = PBXBuildFile; fileRef = 6C18541A25AEF3BE00F2FAE0 /* Extra.swift */; };
		6C18541C25AEF3BE00F2FAE0 /* Extra.swift in Sources */ = {isa = PBXBuildFile; fileRef = 6C18541A25AEF3BE00F2FAE0 /* Extra.swift */; };
		6C23A46125B1FA4800BD364E /* Assets.xcassets in Resources */ = {isa = PBXBuildFile; fileRef = 6C23A46025B1FA4800BD364E /* Assets.xcassets */; };
		6C23A46425B1FA4800BD364E /* Preview Assets.xcassets in Resources */ = {isa = PBXBuildFile; fileRef = 6C23A46325B1FA4800BD364E /* Preview Assets.xcassets */; };
		6C23A46D25B1FA6D00BD364E /* SwiftUICharts in Frameworks */ = {isa = PBXBuildFile; productRef = 6C23A46C25B1FA6D00BD364E /* SwiftUICharts */; };
		6C23A47B25B1FAE700BD364E /* Extra.swift in Sources */ = {isa = PBXBuildFile; fileRef = 6C18541A25AEF3BE00F2FAE0 /* Extra.swift */; };
		6C23A48125B1FAE700BD364E /* SwiftUICharts_DemoApp.swift in Sources */ = {isa = PBXBuildFile; fileRef = 6CC59B7425AB0D7B009D405A /* SwiftUICharts_DemoApp.swift */; };
		6C23A48425B1FAE700BD364E /* ContentView.swift in Sources */ = {isa = PBXBuildFile; fileRef = 6CC59B7525AB0D7B009D405A /* ContentView.swift */; };
		6C4A82BA25EC0650008BD233 /* FilteredDemo.swift in Sources */ = {isa = PBXBuildFile; fileRef = 6C4A82B925EC0650008BD233 /* FilteredDemo.swift */; };
		6C4A82BB25EC0650008BD233 /* FilteredDemo.swift in Sources */ = {isa = PBXBuildFile; fileRef = 6C4A82B925EC0650008BD233 /* FilteredDemo.swift */; };
		6C4A82BC25EC0650008BD233 /* FilteredDemo.swift in Sources */ = {isa = PBXBuildFile; fileRef = 6C4A82B925EC0650008BD233 /* FilteredDemo.swift */; };
		6C4E2E7825ED02F70008F4CD /* RangedLineChartDemoView.swift in Sources */ = {isa = PBXBuildFile; fileRef = 6C4E2E7725ED02F70008F4CD /* RangedLineChartDemoView.swift */; };
		6C4E2E7925ED02F70008F4CD /* RangedLineChartDemoView.swift in Sources */ = {isa = PBXBuildFile; fileRef = 6C4E2E7725ED02F70008F4CD /* RangedLineChartDemoView.swift */; };
		6C4E2E7A25ED02F70008F4CD /* RangedLineChartDemoView.swift in Sources */ = {isa = PBXBuildFile; fileRef = 6C4E2E7725ED02F70008F4CD /* RangedLineChartDemoView.swift */; };
		6C4F258825FF517600FFDB89 /* SplitLegendAndInfoDemoView.swift in Sources */ = {isa = PBXBuildFile; fileRef = 6C4F258725FF517600FFDB89 /* SplitLegendAndInfoDemoView.swift */; };
		6C4F258925FF517600FFDB89 /* SplitLegendAndInfoDemoView.swift in Sources */ = {isa = PBXBuildFile; fileRef = 6C4F258725FF517600FFDB89 /* SplitLegendAndInfoDemoView.swift */; };
		6C4F258A25FF517600FFDB89 /* SplitLegendAndInfoDemoView.swift in Sources */ = {isa = PBXBuildFile; fileRef = 6C4F258725FF517600FFDB89 /* SplitLegendAndInfoDemoView.swift */; };
		6C5E42B925C1FF4B00FAB3D8 /* GroupedBarChartDemoView.swift in Sources */ = {isa = PBXBuildFile; fileRef = 6C5E42B725C1FF4B00FAB3D8 /* GroupedBarChartDemoView.swift */; };
		6C5E42BA25C1FF4B00FAB3D8 /* GroupedBarChartDemoView.swift in Sources */ = {isa = PBXBuildFile; fileRef = 6C5E42B725C1FF4B00FAB3D8 /* GroupedBarChartDemoView.swift */; };
		6C5E42BB25C1FF4B00FAB3D8 /* GroupedBarChartDemoView.swift in Sources */ = {isa = PBXBuildFile; fileRef = 6C5E42B725C1FF4B00FAB3D8 /* GroupedBarChartDemoView.swift */; };
		6C5E42BC25C1FF4B00FAB3D8 /* BarChartDemoView.swift in Sources */ = {isa = PBXBuildFile; fileRef = 6C5E42B825C1FF4B00FAB3D8 /* BarChartDemoView.swift */; };
		6C5E42BD25C1FF4B00FAB3D8 /* BarChartDemoView.swift in Sources */ = {isa = PBXBuildFile; fileRef = 6C5E42B825C1FF4B00FAB3D8 /* BarChartDemoView.swift */; };
		6C5E42BE25C1FF4B00FAB3D8 /* BarChartDemoView.swift in Sources */ = {isa = PBXBuildFile; fileRef = 6C5E42B825C1FF4B00FAB3D8 /* BarChartDemoView.swift */; };
		6C5E42C725C1FF5900FAB3D8 /* FilledLineChartDemoView.swift in Sources */ = {isa = PBXBuildFile; fileRef = 6C5E42C425C1FF5900FAB3D8 /* FilledLineChartDemoView.swift */; };
		6C5E42C825C1FF5900FAB3D8 /* FilledLineChartDemoView.swift in Sources */ = {isa = PBXBuildFile; fileRef = 6C5E42C425C1FF5900FAB3D8 /* FilledLineChartDemoView.swift */; };
		6C5E42C925C1FF5900FAB3D8 /* FilledLineChartDemoView.swift in Sources */ = {isa = PBXBuildFile; fileRef = 6C5E42C425C1FF5900FAB3D8 /* FilledLineChartDemoView.swift */; };
		6C5E42CA25C1FF5900FAB3D8 /* LineChartDemoView.swift in Sources */ = {isa = PBXBuildFile; fileRef = 6C5E42C525C1FF5900FAB3D8 /* LineChartDemoView.swift */; };
		6C5E42CB25C1FF5900FAB3D8 /* LineChartDemoView.swift in Sources */ = {isa = PBXBuildFile; fileRef = 6C5E42C525C1FF5900FAB3D8 /* LineChartDemoView.swift */; };
		6C5E42CC25C1FF5900FAB3D8 /* LineChartDemoView.swift in Sources */ = {isa = PBXBuildFile; fileRef = 6C5E42C525C1FF5900FAB3D8 /* LineChartDemoView.swift */; };
		6C5E42CD25C1FF5900FAB3D8 /* MultiLineChartDemoView.swift in Sources */ = {isa = PBXBuildFile; fileRef = 6C5E42C625C1FF5900FAB3D8 /* MultiLineChartDemoView.swift */; };
		6C5E42CE25C1FF5900FAB3D8 /* MultiLineChartDemoView.swift in Sources */ = {isa = PBXBuildFile; fileRef = 6C5E42C625C1FF5900FAB3D8 /* MultiLineChartDemoView.swift */; };
		6C5E42CF25C1FF5900FAB3D8 /* MultiLineChartDemoView.swift in Sources */ = {isa = PBXBuildFile; fileRef = 6C5E42C625C1FF5900FAB3D8 /* MultiLineChartDemoView.swift */; };
		6C5E42D725C1FF6300FAB3D8 /* PieChartDemoView.swift in Sources */ = {isa = PBXBuildFile; fileRef = 6C5E42D625C1FF6300FAB3D8 /* PieChartDemoView.swift */; };
		6C5E42D825C1FF6300FAB3D8 /* PieChartDemoView.swift in Sources */ = {isa = PBXBuildFile; fileRef = 6C5E42D625C1FF6300FAB3D8 /* PieChartDemoView.swift */; };
		6C5E42D925C1FF6300FAB3D8 /* PieChartDemoView.swift in Sources */ = {isa = PBXBuildFile; fileRef = 6C5E42D625C1FF6300FAB3D8 /* PieChartDemoView.swift */; };
		6C75296825B1D27900F9A126 /* SwiftUICharts in Frameworks */ = {isa = PBXBuildFile; productRef = 6C75296725B1D27900F9A126 /* SwiftUICharts */; };
		6C75296C25B1D2F200F9A126 /* SwiftUICharts in Frameworks */ = {isa = PBXBuildFile; productRef = 6C75296B25B1D2F200F9A126 /* SwiftUICharts */; };
		6C8C40652636CDF6005F2E08 /* HorizontalBarChartDemoView.swift in Sources */ = {isa = PBXBuildFile; fileRef = 6C8C40642636CDF6005F2E08 /* HorizontalBarChartDemoView.swift */; };
		6C8C40662636CDF6005F2E08 /* HorizontalBarChartDemoView.swift in Sources */ = {isa = PBXBuildFile; fileRef = 6C8C40642636CDF6005F2E08 /* HorizontalBarChartDemoView.swift */; };
		6C8C40672636CDF6005F2E08 /* HorizontalBarChartDemoView.swift in Sources */ = {isa = PBXBuildFile; fileRef = 6C8C40642636CDF6005F2E08 /* HorizontalBarChartDemoView.swift */; };
		6CC59B8725AB0D7C009D405A /* SwiftUICharts_DemoApp.swift in Sources */ = {isa = PBXBuildFile; fileRef = 6CC59B7425AB0D7B009D405A /* SwiftUICharts_DemoApp.swift */; };
		6CC59B8825AB0D7C009D405A /* SwiftUICharts_DemoApp.swift in Sources */ = {isa = PBXBuildFile; fileRef = 6CC59B7425AB0D7B009D405A /* SwiftUICharts_DemoApp.swift */; };
		6CC59B8925AB0D7C009D405A /* ContentView.swift in Sources */ = {isa = PBXBuildFile; fileRef = 6CC59B7525AB0D7B009D405A /* ContentView.swift */; };
		6CC59B8A25AB0D7C009D405A /* ContentView.swift in Sources */ = {isa = PBXBuildFile; fileRef = 6CC59B7525AB0D7B009D405A /* ContentView.swift */; };
		6CC59B8B25AB0D7C009D405A /* Assets.xcassets in Resources */ = {isa = PBXBuildFile; fileRef = 6CC59B7625AB0D7C009D405A /* Assets.xcassets */; };
		6CC59B8C25AB0D7C009D405A /* Assets.xcassets in Resources */ = {isa = PBXBuildFile; fileRef = 6CC59B7625AB0D7C009D405A /* Assets.xcassets */; };
		6CCE39A125C7F9BB00148163 /* DoughnutChartDemoView.swift in Sources */ = {isa = PBXBuildFile; fileRef = 6CCE39A025C7F9BB00148163 /* DoughnutChartDemoView.swift */; };
		6CCE39A225C7F9BB00148163 /* DoughnutChartDemoView.swift in Sources */ = {isa = PBXBuildFile; fileRef = 6CCE39A025C7F9BB00148163 /* DoughnutChartDemoView.swift */; };
		6CCE39A325C7F9BB00148163 /* DoughnutChartDemoView.swift in Sources */ = {isa = PBXBuildFile; fileRef = 6CCE39A025C7F9BB00148163 /* DoughnutChartDemoView.swift */; };
		6CD59BD225D6879E007D79D1 /* StackedBarChartDemoView.swift in Sources */ = {isa = PBXBuildFile; fileRef = 6CD59BD125D6879E007D79D1 /* StackedBarChartDemoView.swift */; };
		6CD59BD325D6879E007D79D1 /* StackedBarChartDemoView.swift in Sources */ = {isa = PBXBuildFile; fileRef = 6CD59BD125D6879E007D79D1 /* StackedBarChartDemoView.swift */; };
		6CD59BD425D6879E007D79D1 /* StackedBarChartDemoView.swift in Sources */ = {isa = PBXBuildFile; fileRef = 6CD59BD125D6879E007D79D1 /* StackedBarChartDemoView.swift */; };
		6CDF287D25B30C9100ADA785 /* Assets.xcassets in Resources */ = {isa = PBXBuildFile; fileRef = 6CDF287C25B30C9100ADA785 /* Assets.xcassets */; };
		6CDF288425B30C9100ADA785 /* SwiftUICharts Demo (watchOS) Extension.appex in Embed App Extensions */ = {isa = PBXBuildFile; fileRef = 6CDF288325B30C9100ADA785 /* SwiftUICharts Demo (watchOS) Extension.appex */; settings = {ATTRIBUTES = (RemoveHeadersOnCopy, ); }; };
		6CDF288925B30C9100ADA785 /* SwiftUICharts_DemoApp.swift in Sources */ = {isa = PBXBuildFile; fileRef = 6CDF288825B30C9100ADA785 /* SwiftUICharts_DemoApp.swift */; };
		6CDF288B25B30C9100ADA785 /* ContentView.swift in Sources */ = {isa = PBXBuildFile; fileRef = 6CDF288A25B30C9100ADA785 /* ContentView.swift */; };
		6CDF288D25B30C9100ADA785 /* NotificationController.swift in Sources */ = {isa = PBXBuildFile; fileRef = 6CDF288C25B30C9100ADA785 /* NotificationController.swift */; };
		6CDF288F25B30C9100ADA785 /* NotificationView.swift in Sources */ = {isa = PBXBuildFile; fileRef = 6CDF288E25B30C9100ADA785 /* NotificationView.swift */; };
		6CDF289125B30C9100ADA785 /* ComplicationController.swift in Sources */ = {isa = PBXBuildFile; fileRef = 6CDF289025B30C9100ADA785 /* ComplicationController.swift */; };
		6CDF289325B30C9200ADA785 /* Assets.xcassets in Resources */ = {isa = PBXBuildFile; fileRef = 6CDF289225B30C9200ADA785 /* Assets.xcassets */; };
		6CDF289625B30C9200ADA785 /* Preview Assets.xcassets in Resources */ = {isa = PBXBuildFile; fileRef = 6CDF289525B30C9200ADA785 /* Preview Assets.xcassets */; };
		6CDF289B25B30C9200ADA785 /* SwiftUICharts Demo (watchOS).app in Embed Watch Content */ = {isa = PBXBuildFile; fileRef = 6CDF287A25B30C9000ADA785 /* SwiftUICharts Demo (watchOS).app */; settings = {ATTRIBUTES = (RemoveHeadersOnCopy, ); }; };
		6CDF28AE25B30CCC00ADA785 /* SwiftUICharts in Frameworks */ = {isa = PBXBuildFile; productRef = 6CDF28AD25B30CCC00ADA785 /* SwiftUICharts */; };
/* End PBXBuildFile section */

/* Begin PBXContainerItemProxy section */
		6CDF288525B30C9100ADA785 /* PBXContainerItemProxy */ = {
			isa = PBXContainerItemProxy;
			containerPortal = 6CC59B6F25AB0D7B009D405A /* Project object */;
			proxyType = 1;
			remoteGlobalIDString = 6CDF288225B30C9100ADA785;
			remoteInfo = "watchOS Extension";
		};
		6CDF289925B30C9200ADA785 /* PBXContainerItemProxy */ = {
			isa = PBXContainerItemProxy;
			containerPortal = 6CC59B6F25AB0D7B009D405A /* Project object */;
			proxyType = 1;
			remoteGlobalIDString = 6CDF287925B30C9000ADA785;
			remoteInfo = watchOS;
		};
/* End PBXContainerItemProxy section */

/* Begin PBXCopyFilesBuildPhase section */
		6C75299A25B1F37500F9A126 /* Embed Watch Content */ = {
			isa = PBXCopyFilesBuildPhase;
			buildActionMask = 2147483647;
			dstPath = "$(CONTENTS_FOLDER_PATH)/Watch";
			dstSubfolderSpec = 16;
			files = (
				6CDF289B25B30C9200ADA785 /* SwiftUICharts Demo (watchOS).app in Embed Watch Content */,
			);
			name = "Embed Watch Content";
			runOnlyForDeploymentPostprocessing = 0;
		};
		6CDF289E25B30C9200ADA785 /* Embed App Extensions */ = {
			isa = PBXCopyFilesBuildPhase;
			buildActionMask = 2147483647;
			dstPath = "";
			dstSubfolderSpec = 13;
			files = (
				6CDF288425B30C9100ADA785 /* SwiftUICharts Demo (watchOS) Extension.appex in Embed App Extensions */,
			);
			name = "Embed App Extensions";
			runOnlyForDeploymentPostprocessing = 0;
		};
/* End PBXCopyFilesBuildPhase section */

/* Begin PBXFileReference section */
		6C17FF2D25F0DCE100E8F11D /* RangedBarChartDemoView.swift */ = {isa = PBXFileReference; lastKnownFileType = sourcecode.swift; path = RangedBarChartDemoView.swift; sourceTree = "<group>"; };
		6C18541A25AEF3BE00F2FAE0 /* Extra.swift */ = {isa = PBXFileReference; lastKnownFileType = sourcecode.swift; path = Extra.swift; sourceTree = "<group>"; };
		6C23A45A25B1FA4700BD364E /* SwiftUICharts Demo (tvOS).app */ = {isa = PBXFileReference; explicitFileType = wrapper.application; includeInIndex = 0; path = "SwiftUICharts Demo (tvOS).app"; sourceTree = BUILT_PRODUCTS_DIR; };
		6C23A46025B1FA4800BD364E /* Assets.xcassets */ = {isa = PBXFileReference; lastKnownFileType = folder.assetcatalog; path = Assets.xcassets; sourceTree = "<group>"; };
		6C23A46325B1FA4800BD364E /* Preview Assets.xcassets */ = {isa = PBXFileReference; lastKnownFileType = folder.assetcatalog; path = "Preview Assets.xcassets"; sourceTree = "<group>"; };
		6C23A46525B1FA4800BD364E /* Info.plist */ = {isa = PBXFileReference; lastKnownFileType = text.plist.xml; path = Info.plist; sourceTree = "<group>"; };
		6C4A82B925EC0650008BD233 /* FilteredDemo.swift */ = {isa = PBXFileReference; lastKnownFileType = sourcecode.swift; path = FilteredDemo.swift; sourceTree = "<group>"; };
		6C4E2E7725ED02F70008F4CD /* RangedLineChartDemoView.swift */ = {isa = PBXFileReference; lastKnownFileType = sourcecode.swift; path = RangedLineChartDemoView.swift; sourceTree = "<group>"; };
		6C4F258725FF517600FFDB89 /* SplitLegendAndInfoDemoView.swift */ = {isa = PBXFileReference; lastKnownFileType = sourcecode.swift; path = SplitLegendAndInfoDemoView.swift; sourceTree = "<group>"; };
		6C5E42B725C1FF4B00FAB3D8 /* GroupedBarChartDemoView.swift */ = {isa = PBXFileReference; fileEncoding = 4; lastKnownFileType = sourcecode.swift; path = GroupedBarChartDemoView.swift; sourceTree = "<group>"; };
		6C5E42B825C1FF4B00FAB3D8 /* BarChartDemoView.swift */ = {isa = PBXFileReference; fileEncoding = 4; lastKnownFileType = sourcecode.swift; path = BarChartDemoView.swift; sourceTree = "<group>"; };
		6C5E42C425C1FF5900FAB3D8 /* FilledLineChartDemoView.swift */ = {isa = PBXFileReference; fileEncoding = 4; lastKnownFileType = sourcecode.swift; path = FilledLineChartDemoView.swift; sourceTree = "<group>"; };
		6C5E42C525C1FF5900FAB3D8 /* LineChartDemoView.swift */ = {isa = PBXFileReference; fileEncoding = 4; lastKnownFileType = sourcecode.swift; path = LineChartDemoView.swift; sourceTree = "<group>"; };
		6C5E42C625C1FF5900FAB3D8 /* MultiLineChartDemoView.swift */ = {isa = PBXFileReference; fileEncoding = 4; lastKnownFileType = sourcecode.swift; path = MultiLineChartDemoView.swift; sourceTree = "<group>"; };
		6C5E42D625C1FF6300FAB3D8 /* PieChartDemoView.swift */ = {isa = PBXFileReference; fileEncoding = 4; lastKnownFileType = sourcecode.swift; path = PieChartDemoView.swift; sourceTree = "<group>"; };
		6C7529A525B1F41100F9A126 /* SwiftUICharts */ = {isa = PBXFileReference; lastKnownFileType = folder; name = SwiftUICharts; path = ../SwiftUICharts; sourceTree = "<group>"; };
		6C8C40642636CDF6005F2E08 /* HorizontalBarChartDemoView.swift */ = {isa = PBXFileReference; lastKnownFileType = sourcecode.swift; path = HorizontalBarChartDemoView.swift; sourceTree = "<group>"; };
		6CC59B7425AB0D7B009D405A /* SwiftUICharts_DemoApp.swift */ = {isa = PBXFileReference; lastKnownFileType = sourcecode.swift; path = SwiftUICharts_DemoApp.swift; sourceTree = "<group>"; };
		6CC59B7525AB0D7B009D405A /* ContentView.swift */ = {isa = PBXFileReference; lastKnownFileType = sourcecode.swift; path = ContentView.swift; sourceTree = "<group>"; };
		6CC59B7625AB0D7C009D405A /* Assets.xcassets */ = {isa = PBXFileReference; lastKnownFileType = folder.assetcatalog; path = Assets.xcassets; sourceTree = "<group>"; };
		6CC59B7B25AB0D7C009D405A /* SwiftUICharts Demo.app */ = {isa = PBXFileReference; explicitFileType = wrapper.application; includeInIndex = 0; path = "SwiftUICharts Demo.app"; sourceTree = BUILT_PRODUCTS_DIR; };
		6CC59B7E25AB0D7C009D405A /* Info.plist */ = {isa = PBXFileReference; lastKnownFileType = text.plist.xml; path = Info.plist; sourceTree = "<group>"; };
		6CC59B8325AB0D7C009D405A /* SwiftUICharts Demo.app */ = {isa = PBXFileReference; explicitFileType = wrapper.application; includeInIndex = 0; path = "SwiftUICharts Demo.app"; sourceTree = BUILT_PRODUCTS_DIR; };
		6CC59B8525AB0D7C009D405A /* Info.plist */ = {isa = PBXFileReference; lastKnownFileType = text.plist.xml; path = Info.plist; sourceTree = "<group>"; };
		6CC59B8625AB0D7C009D405A /* macOS.entitlements */ = {isa = PBXFileReference; lastKnownFileType = text.plist.entitlements; path = macOS.entitlements; sourceTree = "<group>"; };
		6CCE39A025C7F9BB00148163 /* DoughnutChartDemoView.swift */ = {isa = PBXFileReference; lastKnownFileType = sourcecode.swift; path = DoughnutChartDemoView.swift; sourceTree = "<group>"; };
		6CD59BD125D6879E007D79D1 /* StackedBarChartDemoView.swift */ = {isa = PBXFileReference; lastKnownFileType = sourcecode.swift; path = StackedBarChartDemoView.swift; sourceTree = "<group>"; };
		6CDF287A25B30C9000ADA785 /* SwiftUICharts Demo (watchOS).app */ = {isa = PBXFileReference; explicitFileType = wrapper.application; includeInIndex = 0; path = "SwiftUICharts Demo (watchOS).app"; sourceTree = BUILT_PRODUCTS_DIR; };
		6CDF287C25B30C9100ADA785 /* Assets.xcassets */ = {isa = PBXFileReference; lastKnownFileType = folder.assetcatalog; path = Assets.xcassets; sourceTree = "<group>"; };
		6CDF287E25B30C9100ADA785 /* Info.plist */ = {isa = PBXFileReference; lastKnownFileType = text.plist.xml; path = Info.plist; sourceTree = "<group>"; };
		6CDF288325B30C9100ADA785 /* SwiftUICharts Demo (watchOS) Extension.appex */ = {isa = PBXFileReference; explicitFileType = "wrapper.app-extension"; includeInIndex = 0; path = "SwiftUICharts Demo (watchOS) Extension.appex"; sourceTree = BUILT_PRODUCTS_DIR; };
		6CDF288825B30C9100ADA785 /* SwiftUICharts_DemoApp.swift */ = {isa = PBXFileReference; lastKnownFileType = sourcecode.swift; path = SwiftUICharts_DemoApp.swift; sourceTree = "<group>"; };
		6CDF288A25B30C9100ADA785 /* ContentView.swift */ = {isa = PBXFileReference; lastKnownFileType = sourcecode.swift; path = ContentView.swift; sourceTree = "<group>"; };
		6CDF288C25B30C9100ADA785 /* NotificationController.swift */ = {isa = PBXFileReference; lastKnownFileType = sourcecode.swift; path = NotificationController.swift; sourceTree = "<group>"; };
		6CDF288E25B30C9100ADA785 /* NotificationView.swift */ = {isa = PBXFileReference; lastKnownFileType = sourcecode.swift; path = NotificationView.swift; sourceTree = "<group>"; };
		6CDF289025B30C9100ADA785 /* ComplicationController.swift */ = {isa = PBXFileReference; lastKnownFileType = sourcecode.swift; path = ComplicationController.swift; sourceTree = "<group>"; };
		6CDF289225B30C9200ADA785 /* Assets.xcassets */ = {isa = PBXFileReference; lastKnownFileType = folder.assetcatalog; path = Assets.xcassets; sourceTree = "<group>"; };
		6CDF289525B30C9200ADA785 /* Preview Assets.xcassets */ = {isa = PBXFileReference; lastKnownFileType = folder.assetcatalog; path = "Preview Assets.xcassets"; sourceTree = "<group>"; };
		6CDF289725B30C9200ADA785 /* Info.plist */ = {isa = PBXFileReference; lastKnownFileType = text.plist.xml; path = Info.plist; sourceTree = "<group>"; };
		6CDF289825B30C9200ADA785 /* PushNotificationPayload.apns */ = {isa = PBXFileReference; lastKnownFileType = text; path = PushNotificationPayload.apns; sourceTree = "<group>"; };
/* End PBXFileReference section */

/* Begin PBXFrameworksBuildPhase section */
		6C23A45725B1FA4700BD364E /* Frameworks */ = {
			isa = PBXFrameworksBuildPhase;
			buildActionMask = 2147483647;
			files = (
				6C23A46D25B1FA6D00BD364E /* SwiftUICharts in Frameworks */,
			);
			runOnlyForDeploymentPostprocessing = 0;
		};
		6CC59B7825AB0D7C009D405A /* Frameworks */ = {
			isa = PBXFrameworksBuildPhase;
			buildActionMask = 2147483647;
			files = (
				6C75296825B1D27900F9A126 /* SwiftUICharts in Frameworks */,
			);
			runOnlyForDeploymentPostprocessing = 0;
		};
		6CC59B8025AB0D7C009D405A /* Frameworks */ = {
			isa = PBXFrameworksBuildPhase;
			buildActionMask = 2147483647;
			files = (
				6C75296C25B1D2F200F9A126 /* SwiftUICharts in Frameworks */,
			);
			runOnlyForDeploymentPostprocessing = 0;
		};
		6CDF288025B30C9100ADA785 /* Frameworks */ = {
			isa = PBXFrameworksBuildPhase;
			buildActionMask = 2147483647;
			files = (
				6CDF28AE25B30CCC00ADA785 /* SwiftUICharts in Frameworks */,
			);
			runOnlyForDeploymentPostprocessing = 0;
		};
/* End PBXFrameworksBuildPhase section */

/* Begin PBXGroup section */
		6C18542425AEF47400F2FAE0 /* Views */ = {
			isa = PBXGroup;
			children = (
				6CC59B7525AB0D7B009D405A /* ContentView.swift */,
				6CDC4C6025AEF57D00E1FF40 /* ChartViews */,
			);
			path = Views;
			sourceTree = "<group>";
		};
		6C23A45B25B1FA4700BD364E /* tvOS */ = {
			isa = PBXGroup;
			children = (
				6C23A46025B1FA4800BD364E /* Assets.xcassets */,
				6C23A46525B1FA4800BD364E /* Info.plist */,
				6C23A46225B1FA4800BD364E /* Preview Content */,
			);
			path = tvOS;
			sourceTree = "<group>";
		};
		6C23A46225B1FA4800BD364E /* Preview Content */ = {
			isa = PBXGroup;
			children = (
				6C23A46325B1FA4800BD364E /* Preview Assets.xcassets */,
			);
			path = "Preview Content";
			sourceTree = "<group>";
		};
		6C4F258625FF513C00FFDB89 /* Other */ = {
			isa = PBXGroup;
			children = (
				6C4A82B925EC0650008BD233 /* FilteredDemo.swift */,
				6C4F258725FF517600FFDB89 /* SplitLegendAndInfoDemoView.swift */,
			);
			path = Other;
			sourceTree = "<group>";
		};
		6C5E42D525C1FF6300FAB3D8 /* PieChart */ = {
			isa = PBXGroup;
			children = (
				6C5E42D625C1FF6300FAB3D8 /* PieChartDemoView.swift */,
				6CCE39A025C7F9BB00148163 /* DoughnutChartDemoView.swift */,
			);
			path = PieChart;
			sourceTree = "<group>";
		};
		6CC59B6E25AB0D7B009D405A = {
			isa = PBXGroup;
			children = (
				6C7529A525B1F41100F9A126 /* SwiftUICharts */,
				6CC59B7325AB0D7B009D405A /* Shared */,
				6CC59B7D25AB0D7C009D405A /* iOS */,
				6CC59B8425AB0D7C009D405A /* macOS */,
				6C23A45B25B1FA4700BD364E /* tvOS */,
				6CDF287B25B30C9000ADA785 /* watchOS */,
				6CDF288725B30C9100ADA785 /* watchOS Extension */,
				6CC59B7C25AB0D7C009D405A /* Products */,
				6CC59B9A25AB0D94009D405A /* Frameworks */,
			);
			sourceTree = "<group>";
		};
		6CC59B7325AB0D7B009D405A /* Shared */ = {
			isa = PBXGroup;
			children = (
				6CC59B7425AB0D7B009D405A /* SwiftUICharts_DemoApp.swift */,
				6C18542425AEF47400F2FAE0 /* Views */,
				6CDC4C6125AEF58F00E1FF40 /* Extras */,
				6CC59B7625AB0D7C009D405A /* Assets.xcassets */,
			);
			path = Shared;
			sourceTree = "<group>";
		};
		6CC59B7C25AB0D7C009D405A /* Products */ = {
			isa = PBXGroup;
			children = (
				6CC59B7B25AB0D7C009D405A /* SwiftUICharts Demo.app */,
				6CC59B8325AB0D7C009D405A /* SwiftUICharts Demo.app */,
				6C23A45A25B1FA4700BD364E /* SwiftUICharts Demo (tvOS).app */,
				6CDF287A25B30C9000ADA785 /* SwiftUICharts Demo (watchOS).app */,
				6CDF288325B30C9100ADA785 /* SwiftUICharts Demo (watchOS) Extension.appex */,
			);
			name = Products;
			sourceTree = "<group>";
		};
		6CC59B7D25AB0D7C009D405A /* iOS */ = {
			isa = PBXGroup;
			children = (
				6CC59B7E25AB0D7C009D405A /* Info.plist */,
			);
			path = iOS;
			sourceTree = "<group>";
		};
		6CC59B8425AB0D7C009D405A /* macOS */ = {
			isa = PBXGroup;
			children = (
				6CC59B8525AB0D7C009D405A /* Info.plist */,
				6CC59B8625AB0D7C009D405A /* macOS.entitlements */,
			);
			path = macOS;
			sourceTree = "<group>";
		};
		6CC59B9A25AB0D94009D405A /* Frameworks */ = {
			isa = PBXGroup;
			children = (
			);
			name = Frameworks;
			sourceTree = "<group>";
		};
		6CDC4C6025AEF57D00E1FF40 /* ChartViews */ = {
			isa = PBXGroup;
			children = (
				6CEDEC5B25AF328000CD95CD /* LineChart */,
				6CEDEC5C25AF328E00CD95CD /* BarChart */,
				6C5E42D525C1FF6300FAB3D8 /* PieChart */,
				6C4F258625FF513C00FFDB89 /* Other */,
			);
			path = ChartViews;
			sourceTree = "<group>";
		};
		6CDC4C6125AEF58F00E1FF40 /* Extras */ = {
			isa = PBXGroup;
			children = (
				6C18541A25AEF3BE00F2FAE0 /* Extra.swift */,
			);
			path = Extras;
			sourceTree = "<group>";
		};
		6CDF287B25B30C9000ADA785 /* watchOS */ = {
			isa = PBXGroup;
			children = (
				6CDF287C25B30C9100ADA785 /* Assets.xcassets */,
				6CDF287E25B30C9100ADA785 /* Info.plist */,
			);
			path = watchOS;
			sourceTree = "<group>";
		};
		6CDF288725B30C9100ADA785 /* watchOS Extension */ = {
			isa = PBXGroup;
			children = (
				6CDF288825B30C9100ADA785 /* SwiftUICharts_DemoApp.swift */,
				6CDF288A25B30C9100ADA785 /* ContentView.swift */,
				6CDF288C25B30C9100ADA785 /* NotificationController.swift */,
				6CDF288E25B30C9100ADA785 /* NotificationView.swift */,
				6CDF289025B30C9100ADA785 /* ComplicationController.swift */,
				6CDF289225B30C9200ADA785 /* Assets.xcassets */,
				6CDF289725B30C9200ADA785 /* Info.plist */,
				6CDF289825B30C9200ADA785 /* PushNotificationPayload.apns */,
				6CDF289425B30C9200ADA785 /* Preview Content */,
			);
			path = "watchOS Extension";
			sourceTree = "<group>";
		};
		6CDF289425B30C9200ADA785 /* Preview Content */ = {
			isa = PBXGroup;
			children = (
				6CDF289525B30C9200ADA785 /* Preview Assets.xcassets */,
			);
			path = "Preview Content";
			sourceTree = "<group>";
		};
		6CEDEC5B25AF328000CD95CD /* LineChart */ = {
			isa = PBXGroup;
			children = (
				6C5E42C525C1FF5900FAB3D8 /* LineChartDemoView.swift */,
				6C5E42C425C1FF5900FAB3D8 /* FilledLineChartDemoView.swift */,
				6C5E42C625C1FF5900FAB3D8 /* MultiLineChartDemoView.swift */,
				6C4E2E7725ED02F70008F4CD /* RangedLineChartDemoView.swift */,
			);
			path = LineChart;
			sourceTree = "<group>";
		};
		6CEDEC5C25AF328E00CD95CD /* BarChart */ = {
			isa = PBXGroup;
			children = (
				6C5E42B825C1FF4B00FAB3D8 /* BarChartDemoView.swift */,
				6C5E42B725C1FF4B00FAB3D8 /* GroupedBarChartDemoView.swift */,
				6CD59BD125D6879E007D79D1 /* StackedBarChartDemoView.swift */,
				6C17FF2D25F0DCE100E8F11D /* RangedBarChartDemoView.swift */,
				6C8C40642636CDF6005F2E08 /* HorizontalBarChartDemoView.swift */,
			);
			path = BarChart;
			sourceTree = "<group>";
		};
/* End PBXGroup section */

/* Begin PBXNativeTarget section */
		6C23A45925B1FA4700BD364E /* SwiftUICharts Demo (tvOS) */ = {
			isa = PBXNativeTarget;
			buildConfigurationList = 6C23A46825B1FA4800BD364E /* Build configuration list for PBXNativeTarget "SwiftUICharts Demo (tvOS)" */;
			buildPhases = (
				6C23A45625B1FA4700BD364E /* Sources */,
				6C23A45725B1FA4700BD364E /* Frameworks */,
				6C23A45825B1FA4700BD364E /* Resources */,
			);
			buildRules = (
			);
			dependencies = (
			);
			name = "SwiftUICharts Demo (tvOS)";
			packageProductDependencies = (
				6C23A46C25B1FA6D00BD364E /* SwiftUICharts */,
			);
			productName = "SwiftUICharts Demo";
			productReference = 6C23A45A25B1FA4700BD364E /* SwiftUICharts Demo (tvOS).app */;
			productType = "com.apple.product-type.application";
		};
		6CC59B7A25AB0D7C009D405A /* SwiftUICharts Demo (iOS) */ = {
			isa = PBXNativeTarget;
			buildConfigurationList = 6CC59B8F25AB0D7C009D405A /* Build configuration list for PBXNativeTarget "SwiftUICharts Demo (iOS)" */;
			buildPhases = (
				6CC59B7725AB0D7C009D405A /* Sources */,
				6CC59B7825AB0D7C009D405A /* Frameworks */,
				6CC59B7925AB0D7C009D405A /* Resources */,
				6C75299A25B1F37500F9A126 /* Embed Watch Content */,
			);
			buildRules = (
			);
			dependencies = (
				6CDF289A25B30C9200ADA785 /* PBXTargetDependency */,
			);
			name = "SwiftUICharts Demo (iOS)";
			packageProductDependencies = (
				6C75296725B1D27900F9A126 /* SwiftUICharts */,
			);
			productName = "SwiftUICharts Demo (iOS)";
			productReference = 6CC59B7B25AB0D7C009D405A /* SwiftUICharts Demo.app */;
			productType = "com.apple.product-type.application";
		};
		6CC59B8225AB0D7C009D405A /* SwiftUICharts Demo (macOS) */ = {
			isa = PBXNativeTarget;
			buildConfigurationList = 6CC59B9225AB0D7C009D405A /* Build configuration list for PBXNativeTarget "SwiftUICharts Demo (macOS)" */;
			buildPhases = (
				6CC59B7F25AB0D7C009D405A /* Sources */,
				6CC59B8025AB0D7C009D405A /* Frameworks */,
				6CC59B8125AB0D7C009D405A /* Resources */,
			);
			buildRules = (
			);
			dependencies = (
			);
			name = "SwiftUICharts Demo (macOS)";
			packageProductDependencies = (
				6C75296B25B1D2F200F9A126 /* SwiftUICharts */,
			);
			productName = "SwiftUICharts Demo (macOS)";
			productReference = 6CC59B8325AB0D7C009D405A /* SwiftUICharts Demo.app */;
			productType = "com.apple.product-type.application";
		};
		6CDF287925B30C9000ADA785 /* SwiftUICharts Demo (watchOS) */ = {
			isa = PBXNativeTarget;
			buildConfigurationList = 6CDF28A225B30C9200ADA785 /* Build configuration list for PBXNativeTarget "SwiftUICharts Demo (watchOS)" */;
			buildPhases = (
				6CDF287825B30C9000ADA785 /* Resources */,
				6CDF289E25B30C9200ADA785 /* Embed App Extensions */,
			);
			buildRules = (
			);
			dependencies = (
				6CDF288625B30C9100ADA785 /* PBXTargetDependency */,
			);
			name = "SwiftUICharts Demo (watchOS)";
			productName = watchOS;
			productReference = 6CDF287A25B30C9000ADA785 /* SwiftUICharts Demo (watchOS).app */;
			productType = "com.apple.product-type.application.watchapp2";
		};
		6CDF288225B30C9100ADA785 /* SwiftUICharts Demo (watchOS) Extension */ = {
			isa = PBXNativeTarget;
			buildConfigurationList = 6CDF28A125B30C9200ADA785 /* Build configuration list for PBXNativeTarget "SwiftUICharts Demo (watchOS) Extension" */;
			buildPhases = (
				6CDF287F25B30C9100ADA785 /* Sources */,
				6CDF288025B30C9100ADA785 /* Frameworks */,
				6CDF288125B30C9100ADA785 /* Resources */,
			);
			buildRules = (
			);
			dependencies = (
			);
			name = "SwiftUICharts Demo (watchOS) Extension";
			packageProductDependencies = (
				6CDF28AD25B30CCC00ADA785 /* SwiftUICharts */,
			);
			productName = "watchOS Extension";
			productReference = 6CDF288325B30C9100ADA785 /* SwiftUICharts Demo (watchOS) Extension.appex */;
			productType = "com.apple.product-type.watchkit2-extension";
		};
/* End PBXNativeTarget section */

/* Begin PBXProject section */
		6CC59B6F25AB0D7B009D405A /* Project object */ = {
			isa = PBXProject;
			attributes = {
				LastSwiftUpdateCheck = 1240;
				LastUpgradeCheck = 1240;
				TargetAttributes = {
					6C23A45925B1FA4700BD364E = {
						CreatedOnToolsVersion = 12.3;
					};
					6CC59B7A25AB0D7C009D405A = {
						CreatedOnToolsVersion = 12.3;
					};
					6CC59B8225AB0D7C009D405A = {
						CreatedOnToolsVersion = 12.3;
					};
					6CDF287925B30C9000ADA785 = {
						CreatedOnToolsVersion = 12.3;
					};
					6CDF288225B30C9100ADA785 = {
						CreatedOnToolsVersion = 12.3;
					};
				};
			};
			buildConfigurationList = 6CC59B7225AB0D7B009D405A /* Build configuration list for PBXProject "SwiftUICharts Demo" */;
			compatibilityVersion = "Xcode 9.3";
			developmentRegion = en;
			hasScannedForEncodings = 0;
			knownRegions = (
				en,
				Base,
			);
			mainGroup = 6CC59B6E25AB0D7B009D405A;
			packageReferences = (
				6C75296625B1D27900F9A126 /* XCRemoteSwiftPackageReference "SwiftUICharts" */,
			);
			productRefGroup = 6CC59B7C25AB0D7C009D405A /* Products */;
			projectDirPath = "";
			projectRoot = "";
			targets = (
				6CC59B7A25AB0D7C009D405A /* SwiftUICharts Demo (iOS) */,
				6CC59B8225AB0D7C009D405A /* SwiftUICharts Demo (macOS) */,
				6C23A45925B1FA4700BD364E /* SwiftUICharts Demo (tvOS) */,
				6CDF287925B30C9000ADA785 /* SwiftUICharts Demo (watchOS) */,
				6CDF288225B30C9100ADA785 /* SwiftUICharts Demo (watchOS) Extension */,
			);
		};
/* End PBXProject section */

/* Begin PBXResourcesBuildPhase section */
		6C23A45825B1FA4700BD364E /* Resources */ = {
			isa = PBXResourcesBuildPhase;
			buildActionMask = 2147483647;
			files = (
				6C23A46425B1FA4800BD364E /* Preview Assets.xcassets in Resources */,
				6C23A46125B1FA4800BD364E /* Assets.xcassets in Resources */,
			);
			runOnlyForDeploymentPostprocessing = 0;
		};
		6CC59B7925AB0D7C009D405A /* Resources */ = {
			isa = PBXResourcesBuildPhase;
			buildActionMask = 2147483647;
			files = (
				6CC59B8B25AB0D7C009D405A /* Assets.xcassets in Resources */,
			);
			runOnlyForDeploymentPostprocessing = 0;
		};
		6CC59B8125AB0D7C009D405A /* Resources */ = {
			isa = PBXResourcesBuildPhase;
			buildActionMask = 2147483647;
			files = (
				6CC59B8C25AB0D7C009D405A /* Assets.xcassets in Resources */,
			);
			runOnlyForDeploymentPostprocessing = 0;
		};
		6CDF287825B30C9000ADA785 /* Resources */ = {
			isa = PBXResourcesBuildPhase;
			buildActionMask = 2147483647;
			files = (
				6CDF287D25B30C9100ADA785 /* Assets.xcassets in Resources */,
			);
			runOnlyForDeploymentPostprocessing = 0;
		};
		6CDF288125B30C9100ADA785 /* Resources */ = {
			isa = PBXResourcesBuildPhase;
			buildActionMask = 2147483647;
			files = (
				6CDF289625B30C9200ADA785 /* Preview Assets.xcassets in Resources */,
				6CDF289325B30C9200ADA785 /* Assets.xcassets in Resources */,
			);
			runOnlyForDeploymentPostprocessing = 0;
		};
/* End PBXResourcesBuildPhase section */

/* Begin PBXSourcesBuildPhase section */
		6C23A45625B1FA4700BD364E /* Sources */ = {
			isa = PBXSourcesBuildPhase;
			buildActionMask = 2147483647;
			files = (
				6C5E42C925C1FF5900FAB3D8 /* FilledLineChartDemoView.swift in Sources */,
				6CD59BD425D6879E007D79D1 /* StackedBarChartDemoView.swift in Sources */,
				6C4E2E7A25ED02F70008F4CD /* RangedLineChartDemoView.swift in Sources */,
				6C5E42D925C1FF6300FAB3D8 /* PieChartDemoView.swift in Sources */,
				6C4A82BC25EC0650008BD233 /* FilteredDemo.swift in Sources */,
				6C4F258A25FF517600FFDB89 /* SplitLegendAndInfoDemoView.swift in Sources */,
				6C17FF3025F0DCE100E8F11D /* RangedBarChartDemoView.swift in Sources */,
				6C23A48425B1FAE700BD364E /* ContentView.swift in Sources */,
				6C8C40672636CDF6005F2E08 /* HorizontalBarChartDemoView.swift in Sources */,
				6C5E42CC25C1FF5900FAB3D8 /* LineChartDemoView.swift in Sources */,
				6CCE39A325C7F9BB00148163 /* DoughnutChartDemoView.swift in Sources */,
				6C5E42BB25C1FF4B00FAB3D8 /* GroupedBarChartDemoView.swift in Sources */,
				6C5E42CF25C1FF5900FAB3D8 /* MultiLineChartDemoView.swift in Sources */,
				6C23A47B25B1FAE700BD364E /* Extra.swift in Sources */,
				6C23A48125B1FAE700BD364E /* SwiftUICharts_DemoApp.swift in Sources */,
				6C5E42BE25C1FF4B00FAB3D8 /* BarChartDemoView.swift in Sources */,
			);
			runOnlyForDeploymentPostprocessing = 0;
		};
		6CC59B7725AB0D7C009D405A /* Sources */ = {
			isa = PBXSourcesBuildPhase;
			buildActionMask = 2147483647;
			files = (
				6C5E42C725C1FF5900FAB3D8 /* FilledLineChartDemoView.swift in Sources */,
				6CD59BD225D6879E007D79D1 /* StackedBarChartDemoView.swift in Sources */,
				6C4E2E7825ED02F70008F4CD /* RangedLineChartDemoView.swift in Sources */,
				6C5E42D725C1FF6300FAB3D8 /* PieChartDemoView.swift in Sources */,
				6C4A82BA25EC0650008BD233 /* FilteredDemo.swift in Sources */,
				6C4F258825FF517600FFDB89 /* SplitLegendAndInfoDemoView.swift in Sources */,
				6C17FF2E25F0DCE100E8F11D /* RangedBarChartDemoView.swift in Sources */,
				6CC59B8925AB0D7C009D405A /* ContentView.swift in Sources */,
				6C8C40652636CDF6005F2E08 /* HorizontalBarChartDemoView.swift in Sources */,
				6C5E42CA25C1FF5900FAB3D8 /* LineChartDemoView.swift in Sources */,
				6CCE39A125C7F9BB00148163 /* DoughnutChartDemoView.swift in Sources */,
				6C5E42B925C1FF4B00FAB3D8 /* GroupedBarChartDemoView.swift in Sources */,
				6C5E42CD25C1FF5900FAB3D8 /* MultiLineChartDemoView.swift in Sources */,
				6CC59B8725AB0D7C009D405A /* SwiftUICharts_DemoApp.swift in Sources */,
				6C18541B25AEF3BE00F2FAE0 /* Extra.swift in Sources */,
				6C5E42BC25C1FF4B00FAB3D8 /* BarChartDemoView.swift in Sources */,
			);
			runOnlyForDeploymentPostprocessing = 0;
		};
		6CC59B7F25AB0D7C009D405A /* Sources */ = {
			isa = PBXSourcesBuildPhase;
			buildActionMask = 2147483647;
			files = (
				6C5E42C825C1FF5900FAB3D8 /* FilledLineChartDemoView.swift in Sources */,
				6CD59BD325D6879E007D79D1 /* StackedBarChartDemoView.swift in Sources */,
				6C4E2E7925ED02F70008F4CD /* RangedLineChartDemoView.swift in Sources */,
				6C5E42D825C1FF6300FAB3D8 /* PieChartDemoView.swift in Sources */,
				6C4A82BB25EC0650008BD233 /* FilteredDemo.swift in Sources */,
				6C4F258925FF517600FFDB89 /* SplitLegendAndInfoDemoView.swift in Sources */,
				6C17FF2F25F0DCE100E8F11D /* RangedBarChartDemoView.swift in Sources */,
				6CC59B8A25AB0D7C009D405A /* ContentView.swift in Sources */,
				6C8C40662636CDF6005F2E08 /* HorizontalBarChartDemoView.swift in Sources */,
				6C5E42CB25C1FF5900FAB3D8 /* LineChartDemoView.swift in Sources */,
				6CCE39A225C7F9BB00148163 /* DoughnutChartDemoView.swift in Sources */,
				6C5E42BA25C1FF4B00FAB3D8 /* GroupedBarChartDemoView.swift in Sources */,
				6C5E42CE25C1FF5900FAB3D8 /* MultiLineChartDemoView.swift in Sources */,
				6CC59B8825AB0D7C009D405A /* SwiftUICharts_DemoApp.swift in Sources */,
				6C18541C25AEF3BE00F2FAE0 /* Extra.swift in Sources */,
				6C5E42BD25C1FF4B00FAB3D8 /* BarChartDemoView.swift in Sources */,
			);
			runOnlyForDeploymentPostprocessing = 0;
		};
		6CDF287F25B30C9100ADA785 /* Sources */ = {
			isa = PBXSourcesBuildPhase;
			buildActionMask = 2147483647;
			files = (
				6CDF288D25B30C9100ADA785 /* NotificationController.swift in Sources */,
				6CDF288B25B30C9100ADA785 /* ContentView.swift in Sources */,
				6CDF289125B30C9100ADA785 /* ComplicationController.swift in Sources */,
				6CDF288925B30C9100ADA785 /* SwiftUICharts_DemoApp.swift in Sources */,
				6CDF288F25B30C9100ADA785 /* NotificationView.swift in Sources */,
			);
			runOnlyForDeploymentPostprocessing = 0;
		};
/* End PBXSourcesBuildPhase section */

/* Begin PBXTargetDependency section */
		6CDF288625B30C9100ADA785 /* PBXTargetDependency */ = {
			isa = PBXTargetDependency;
			target = 6CDF288225B30C9100ADA785 /* SwiftUICharts Demo (watchOS) Extension */;
			targetProxy = 6CDF288525B30C9100ADA785 /* PBXContainerItemProxy */;
		};
		6CDF289A25B30C9200ADA785 /* PBXTargetDependency */ = {
			isa = PBXTargetDependency;
			target = 6CDF287925B30C9000ADA785 /* SwiftUICharts Demo (watchOS) */;
			targetProxy = 6CDF289925B30C9200ADA785 /* PBXContainerItemProxy */;
		};
/* End PBXTargetDependency section */

/* Begin XCBuildConfiguration section */
		6C23A46625B1FA4800BD364E /* Debug */ = {
			isa = XCBuildConfiguration;
			buildSettings = {
				ASSETCATALOG_COMPILER_APPICON_NAME = "App Icon & Top Shelf Image";
				ASSETCATALOG_COMPILER_GLOBAL_ACCENT_COLOR_NAME = AccentColor;
				CODE_SIGN_STYLE = Automatic;
				DEVELOPMENT_ASSET_PATHS = "\"tvOS/Preview Content\"";
				DEVELOPMENT_TEAM = EGJ7GMEH64;
				ENABLE_PREVIEWS = YES;
				INFOPLIST_FILE = tvOS/Info.plist;
				LD_RUNPATH_SEARCH_PATHS = (
					"$(inherited)",
					"@executable_path/Frameworks",
				);
				PRODUCT_BUNDLE_IDENTIFIER = "uk.co.willdale.SwiftUICharts-Demo";
				PRODUCT_NAME = "$(TARGET_NAME)";
				SDKROOT = appletvos;
				SWIFT_VERSION = 5.0;
				TARGETED_DEVICE_FAMILY = 3;
				TVOS_DEPLOYMENT_TARGET = 14.0;
			};
			name = Debug;
		};
		6C23A46725B1FA4800BD364E /* Release */ = {
			isa = XCBuildConfiguration;
			buildSettings = {
				ASSETCATALOG_COMPILER_APPICON_NAME = "App Icon & Top Shelf Image";
				ASSETCATALOG_COMPILER_GLOBAL_ACCENT_COLOR_NAME = AccentColor;
				CODE_SIGN_STYLE = Automatic;
				DEVELOPMENT_ASSET_PATHS = "\"tvOS/Preview Content\"";
				DEVELOPMENT_TEAM = EGJ7GMEH64;
				ENABLE_PREVIEWS = YES;
				INFOPLIST_FILE = tvOS/Info.plist;
				LD_RUNPATH_SEARCH_PATHS = (
					"$(inherited)",
					"@executable_path/Frameworks",
				);
				PRODUCT_BUNDLE_IDENTIFIER = "uk.co.willdale.SwiftUICharts-Demo";
				PRODUCT_NAME = "$(TARGET_NAME)";
				SDKROOT = appletvos;
				SWIFT_VERSION = 5.0;
				TARGETED_DEVICE_FAMILY = 3;
				TVOS_DEPLOYMENT_TARGET = 14.0;
				VALIDATE_PRODUCT = YES;
			};
			name = Release;
		};
		6CC59B8D25AB0D7C009D405A /* Debug */ = {
			isa = XCBuildConfiguration;
			buildSettings = {
				ALWAYS_SEARCH_USER_PATHS = NO;
				CLANG_ANALYZER_NONNULL = YES;
				CLANG_ANALYZER_NUMBER_OBJECT_CONVERSION = YES_AGGRESSIVE;
				CLANG_CXX_LANGUAGE_STANDARD = "gnu++14";
				CLANG_CXX_LIBRARY = "libc++";
				CLANG_ENABLE_MODULES = YES;
				CLANG_ENABLE_OBJC_ARC = YES;
				CLANG_ENABLE_OBJC_WEAK = YES;
				CLANG_WARN_BLOCK_CAPTURE_AUTORELEASING = YES;
				CLANG_WARN_BOOL_CONVERSION = YES;
				CLANG_WARN_COMMA = YES;
				CLANG_WARN_CONSTANT_CONVERSION = YES;
				CLANG_WARN_DEPRECATED_OBJC_IMPLEMENTATIONS = YES;
				CLANG_WARN_DIRECT_OBJC_ISA_USAGE = YES_ERROR;
				CLANG_WARN_DOCUMENTATION_COMMENTS = YES;
				CLANG_WARN_EMPTY_BODY = YES;
				CLANG_WARN_ENUM_CONVERSION = YES;
				CLANG_WARN_INFINITE_RECURSION = YES;
				CLANG_WARN_INT_CONVERSION = YES;
				CLANG_WARN_NON_LITERAL_NULL_CONVERSION = YES;
				CLANG_WARN_OBJC_IMPLICIT_RETAIN_SELF = YES;
				CLANG_WARN_OBJC_LITERAL_CONVERSION = YES;
				CLANG_WARN_OBJC_ROOT_CLASS = YES_ERROR;
				CLANG_WARN_QUOTED_INCLUDE_IN_FRAMEWORK_HEADER = YES;
				CLANG_WARN_RANGE_LOOP_ANALYSIS = YES;
				CLANG_WARN_STRICT_PROTOTYPES = YES;
				CLANG_WARN_SUSPICIOUS_MOVE = YES;
				CLANG_WARN_UNGUARDED_AVAILABILITY = YES_AGGRESSIVE;
				CLANG_WARN_UNREACHABLE_CODE = YES;
				CLANG_WARN__DUPLICATE_METHOD_MATCH = YES;
				COPY_PHASE_STRIP = NO;
				DEBUG_INFORMATION_FORMAT = dwarf;
				ENABLE_STRICT_OBJC_MSGSEND = YES;
				ENABLE_TESTABILITY = YES;
				GCC_C_LANGUAGE_STANDARD = gnu11;
				GCC_DYNAMIC_NO_PIC = NO;
				GCC_NO_COMMON_BLOCKS = YES;
				GCC_OPTIMIZATION_LEVEL = 0;
				GCC_PREPROCESSOR_DEFINITIONS = (
					"DEBUG=1",
					"$(inherited)",
				);
				GCC_WARN_64_TO_32_BIT_CONVERSION = YES;
				GCC_WARN_ABOUT_RETURN_TYPE = YES_ERROR;
				GCC_WARN_UNDECLARED_SELECTOR = YES;
				GCC_WARN_UNINITIALIZED_AUTOS = YES_AGGRESSIVE;
				GCC_WARN_UNUSED_FUNCTION = YES;
				GCC_WARN_UNUSED_VARIABLE = YES;
				MTL_ENABLE_DEBUG_INFO = INCLUDE_SOURCE;
				MTL_FAST_MATH = YES;
				ONLY_ACTIVE_ARCH = YES;
				SWIFT_ACTIVE_COMPILATION_CONDITIONS = DEBUG;
				SWIFT_OPTIMIZATION_LEVEL = "-Onone";
			};
			name = Debug;
		};
		6CC59B8E25AB0D7C009D405A /* Release */ = {
			isa = XCBuildConfiguration;
			buildSettings = {
				ALWAYS_SEARCH_USER_PATHS = NO;
				CLANG_ANALYZER_NONNULL = YES;
				CLANG_ANALYZER_NUMBER_OBJECT_CONVERSION = YES_AGGRESSIVE;
				CLANG_CXX_LANGUAGE_STANDARD = "gnu++14";
				CLANG_CXX_LIBRARY = "libc++";
				CLANG_ENABLE_MODULES = YES;
				CLANG_ENABLE_OBJC_ARC = YES;
				CLANG_ENABLE_OBJC_WEAK = YES;
				CLANG_WARN_BLOCK_CAPTURE_AUTORELEASING = YES;
				CLANG_WARN_BOOL_CONVERSION = YES;
				CLANG_WARN_COMMA = YES;
				CLANG_WARN_CONSTANT_CONVERSION = YES;
				CLANG_WARN_DEPRECATED_OBJC_IMPLEMENTATIONS = YES;
				CLANG_WARN_DIRECT_OBJC_ISA_USAGE = YES_ERROR;
				CLANG_WARN_DOCUMENTATION_COMMENTS = YES;
				CLANG_WARN_EMPTY_BODY = YES;
				CLANG_WARN_ENUM_CONVERSION = YES;
				CLANG_WARN_INFINITE_RECURSION = YES;
				CLANG_WARN_INT_CONVERSION = YES;
				CLANG_WARN_NON_LITERAL_NULL_CONVERSION = YES;
				CLANG_WARN_OBJC_IMPLICIT_RETAIN_SELF = YES;
				CLANG_WARN_OBJC_LITERAL_CONVERSION = YES;
				CLANG_WARN_OBJC_ROOT_CLASS = YES_ERROR;
				CLANG_WARN_QUOTED_INCLUDE_IN_FRAMEWORK_HEADER = YES;
				CLANG_WARN_RANGE_LOOP_ANALYSIS = YES;
				CLANG_WARN_STRICT_PROTOTYPES = YES;
				CLANG_WARN_SUSPICIOUS_MOVE = YES;
				CLANG_WARN_UNGUARDED_AVAILABILITY = YES_AGGRESSIVE;
				CLANG_WARN_UNREACHABLE_CODE = YES;
				CLANG_WARN__DUPLICATE_METHOD_MATCH = YES;
				COPY_PHASE_STRIP = NO;
				DEBUG_INFORMATION_FORMAT = "dwarf-with-dsym";
				ENABLE_NS_ASSERTIONS = NO;
				ENABLE_STRICT_OBJC_MSGSEND = YES;
				GCC_C_LANGUAGE_STANDARD = gnu11;
				GCC_NO_COMMON_BLOCKS = YES;
				GCC_WARN_64_TO_32_BIT_CONVERSION = YES;
				GCC_WARN_ABOUT_RETURN_TYPE = YES_ERROR;
				GCC_WARN_UNDECLARED_SELECTOR = YES;
				GCC_WARN_UNINITIALIZED_AUTOS = YES_AGGRESSIVE;
				GCC_WARN_UNUSED_FUNCTION = YES;
				GCC_WARN_UNUSED_VARIABLE = YES;
				MTL_ENABLE_DEBUG_INFO = NO;
				MTL_FAST_MATH = YES;
				SWIFT_COMPILATION_MODE = wholemodule;
				SWIFT_OPTIMIZATION_LEVEL = "-O";
			};
			name = Release;
		};
		6CC59B9025AB0D7C009D405A /* Debug */ = {
			isa = XCBuildConfiguration;
			buildSettings = {
				ASSETCATALOG_COMPILER_APPICON_NAME = AppIcon;
				ASSETCATALOG_COMPILER_GLOBAL_ACCENT_COLOR_NAME = AccentColor;
				CODE_SIGN_STYLE = Automatic;
				DEVELOPMENT_TEAM = EGJ7GMEH64;
				ENABLE_PREVIEWS = YES;
				INFOPLIST_FILE = iOS/Info.plist;
				IPHONEOS_DEPLOYMENT_TARGET = 14.1;
				LD_RUNPATH_SEARCH_PATHS = (
					"$(inherited)",
					"@executable_path/Frameworks",
				);
				PRODUCT_BUNDLE_IDENTIFIER = "uk.co.willdale.SwiftUICharts-Demo";
				PRODUCT_NAME = "SwiftUICharts Demo";
				SDKROOT = iphoneos;
				SWIFT_VERSION = 5.0;
				TARGETED_DEVICE_FAMILY = "1,2";
			};
			name = Debug;
		};
		6CC59B9125AB0D7C009D405A /* Release */ = {
			isa = XCBuildConfiguration;
			buildSettings = {
				ASSETCATALOG_COMPILER_APPICON_NAME = AppIcon;
				ASSETCATALOG_COMPILER_GLOBAL_ACCENT_COLOR_NAME = AccentColor;
				CODE_SIGN_STYLE = Automatic;
				DEVELOPMENT_TEAM = EGJ7GMEH64;
				ENABLE_PREVIEWS = YES;
				INFOPLIST_FILE = iOS/Info.plist;
				IPHONEOS_DEPLOYMENT_TARGET = 14.1;
				LD_RUNPATH_SEARCH_PATHS = (
					"$(inherited)",
					"@executable_path/Frameworks",
				);
				PRODUCT_BUNDLE_IDENTIFIER = "uk.co.willdale.SwiftUICharts-Demo";
				PRODUCT_NAME = "SwiftUICharts Demo";
				SDKROOT = iphoneos;
				SWIFT_VERSION = 5.0;
				TARGETED_DEVICE_FAMILY = "1,2";
				VALIDATE_PRODUCT = YES;
			};
			name = Release;
		};
		6CC59B9325AB0D7C009D405A /* Debug */ = {
			isa = XCBuildConfiguration;
			buildSettings = {
				ASSETCATALOG_COMPILER_APPICON_NAME = AppIcon;
				ASSETCATALOG_COMPILER_GLOBAL_ACCENT_COLOR_NAME = AccentColor;
				CODE_SIGN_ENTITLEMENTS = macOS/macOS.entitlements;
				CODE_SIGN_IDENTITY = "-";
				CODE_SIGN_STYLE = Automatic;
				COMBINE_HIDPI_IMAGES = YES;
				DEVELOPMENT_TEAM = EGJ7GMEH64;
				ENABLE_HARDENED_RUNTIME = YES;
				ENABLE_PREVIEWS = YES;
				INFOPLIST_FILE = macOS/Info.plist;
				LD_RUNPATH_SEARCH_PATHS = (
					"$(inherited)",
					"@executable_path/../Frameworks",
				);
				MACOSX_DEPLOYMENT_TARGET = 11.0;
				PRODUCT_BUNDLE_IDENTIFIER = "uk.co.willdale.SwiftUICharts-Demo";
				PRODUCT_NAME = "SwiftUICharts Demo";
				SDKROOT = macosx;
				SWIFT_VERSION = 5.0;
			};
			name = Debug;
		};
		6CC59B9425AB0D7C009D405A /* Release */ = {
			isa = XCBuildConfiguration;
			buildSettings = {
				ASSETCATALOG_COMPILER_APPICON_NAME = AppIcon;
				ASSETCATALOG_COMPILER_GLOBAL_ACCENT_COLOR_NAME = AccentColor;
				CODE_SIGN_ENTITLEMENTS = macOS/macOS.entitlements;
				CODE_SIGN_IDENTITY = "-";
				CODE_SIGN_STYLE = Automatic;
				COMBINE_HIDPI_IMAGES = YES;
				DEVELOPMENT_TEAM = EGJ7GMEH64;
				ENABLE_HARDENED_RUNTIME = YES;
				ENABLE_PREVIEWS = YES;
				INFOPLIST_FILE = macOS/Info.plist;
				LD_RUNPATH_SEARCH_PATHS = (
					"$(inherited)",
					"@executable_path/../Frameworks",
				);
				MACOSX_DEPLOYMENT_TARGET = 11.0;
				PRODUCT_BUNDLE_IDENTIFIER = "uk.co.willdale.SwiftUICharts-Demo";
				PRODUCT_NAME = "SwiftUICharts Demo";
				SDKROOT = macosx;
				SWIFT_VERSION = 5.0;
			};
			name = Release;
		};
		6CDF289C25B30C9200ADA785 /* Debug */ = {
			isa = XCBuildConfiguration;
			buildSettings = {
				ALWAYS_EMBED_SWIFT_STANDARD_LIBRARIES = YES;
				ASSETCATALOG_COMPILER_APPICON_NAME = AppIcon;
				ASSETCATALOG_COMPILER_GLOBAL_ACCENT_COLOR_NAME = AccentColor;
				CODE_SIGN_STYLE = Automatic;
				DEVELOPMENT_TEAM = EGJ7GMEH64;
				IBSC_MODULE = watchOS_Extension;
				INFOPLIST_FILE = watchOS/Info.plist;
				PRODUCT_BUNDLE_IDENTIFIER = "uk.co.willdale.SwiftUICharts-Demo.watchkitapp";
				PRODUCT_NAME = "$(TARGET_NAME)";
				SDKROOT = watchos;
				SKIP_INSTALL = YES;
				SWIFT_VERSION = 5.0;
				TARGETED_DEVICE_FAMILY = 4;
				WATCHOS_DEPLOYMENT_TARGET = 7.0;
			};
			name = Debug;
		};
		6CDF289D25B30C9200ADA785 /* Release */ = {
			isa = XCBuildConfiguration;
			buildSettings = {
				ALWAYS_EMBED_SWIFT_STANDARD_LIBRARIES = YES;
				ASSETCATALOG_COMPILER_APPICON_NAME = AppIcon;
				ASSETCATALOG_COMPILER_GLOBAL_ACCENT_COLOR_NAME = AccentColor;
				CODE_SIGN_STYLE = Automatic;
				DEVELOPMENT_TEAM = EGJ7GMEH64;
				IBSC_MODULE = watchOS_Extension;
				INFOPLIST_FILE = watchOS/Info.plist;
				PRODUCT_BUNDLE_IDENTIFIER = "uk.co.willdale.SwiftUICharts-Demo.watchkitapp";
				PRODUCT_NAME = "$(TARGET_NAME)";
				SDKROOT = watchos;
				SKIP_INSTALL = YES;
				SWIFT_VERSION = 5.0;
				TARGETED_DEVICE_FAMILY = 4;
				VALIDATE_PRODUCT = YES;
				WATCHOS_DEPLOYMENT_TARGET = 7.0;
			};
			name = Release;
		};
		6CDF289F25B30C9200ADA785 /* Debug */ = {
			isa = XCBuildConfiguration;
			buildSettings = {
				ASSETCATALOG_COMPILER_COMPLICATION_NAME = Complication;
				CODE_SIGN_STYLE = Automatic;
				DEVELOPMENT_ASSET_PATHS = "\"watchOS Extension/Preview Content\"";
				DEVELOPMENT_TEAM = EGJ7GMEH64;
				ENABLE_PREVIEWS = YES;
				INFOPLIST_FILE = "watchOS Extension/Info.plist";
				LD_RUNPATH_SEARCH_PATHS = (
					"$(inherited)",
					"@executable_path/Frameworks",
					"@executable_path/../../Frameworks",
				);
				PRODUCT_BUNDLE_IDENTIFIER = "uk.co.willdale.SwiftUICharts-Demo.watchkitapp.watchkitextension";
				PRODUCT_NAME = "${TARGET_NAME}";
				SDKROOT = watchos;
				SKIP_INSTALL = YES;
				SWIFT_VERSION = 5.0;
				TARGETED_DEVICE_FAMILY = 4;
				WATCHOS_DEPLOYMENT_TARGET = 7.0;
			};
			name = Debug;
		};
		6CDF28A025B30C9200ADA785 /* Release */ = {
			isa = XCBuildConfiguration;
			buildSettings = {
				ASSETCATALOG_COMPILER_COMPLICATION_NAME = Complication;
				CODE_SIGN_STYLE = Automatic;
				DEVELOPMENT_ASSET_PATHS = "\"watchOS Extension/Preview Content\"";
				DEVELOPMENT_TEAM = EGJ7GMEH64;
				ENABLE_PREVIEWS = YES;
				INFOPLIST_FILE = "watchOS Extension/Info.plist";
				LD_RUNPATH_SEARCH_PATHS = (
					"$(inherited)",
					"@executable_path/Frameworks",
					"@executable_path/../../Frameworks",
				);
				PRODUCT_BUNDLE_IDENTIFIER = "uk.co.willdale.SwiftUICharts-Demo.watchkitapp.watchkitextension";
				PRODUCT_NAME = "${TARGET_NAME}";
				SDKROOT = watchos;
				SKIP_INSTALL = YES;
				SWIFT_VERSION = 5.0;
				TARGETED_DEVICE_FAMILY = 4;
				VALIDATE_PRODUCT = YES;
				WATCHOS_DEPLOYMENT_TARGET = 7.0;
			};
			name = Release;
		};
/* End XCBuildConfiguration section */

/* Begin XCConfigurationList section */
		6C23A46825B1FA4800BD364E /* Build configuration list for PBXNativeTarget "SwiftUICharts Demo (tvOS)" */ = {
			isa = XCConfigurationList;
			buildConfigurations = (
				6C23A46625B1FA4800BD364E /* Debug */,
				6C23A46725B1FA4800BD364E /* Release */,
			);
			defaultConfigurationIsVisible = 0;
			defaultConfigurationName = Release;
		};
		6CC59B7225AB0D7B009D405A /* Build configuration list for PBXProject "SwiftUICharts Demo" */ = {
			isa = XCConfigurationList;
			buildConfigurations = (
				6CC59B8D25AB0D7C009D405A /* Debug */,
				6CC59B8E25AB0D7C009D405A /* Release */,
			);
			defaultConfigurationIsVisible = 0;
			defaultConfigurationName = Release;
		};
		6CC59B8F25AB0D7C009D405A /* Build configuration list for PBXNativeTarget "SwiftUICharts Demo (iOS)" */ = {
			isa = XCConfigurationList;
			buildConfigurations = (
				6CC59B9025AB0D7C009D405A /* Debug */,
				6CC59B9125AB0D7C009D405A /* Release */,
			);
			defaultConfigurationIsVisible = 0;
			defaultConfigurationName = Release;
		};
		6CC59B9225AB0D7C009D405A /* Build configuration list for PBXNativeTarget "SwiftUICharts Demo (macOS)" */ = {
			isa = XCConfigurationList;
			buildConfigurations = (
				6CC59B9325AB0D7C009D405A /* Debug */,
				6CC59B9425AB0D7C009D405A /* Release */,
			);
			defaultConfigurationIsVisible = 0;
			defaultConfigurationName = Release;
		};
		6CDF28A125B30C9200ADA785 /* Build configuration list for PBXNativeTarget "SwiftUICharts Demo (watchOS) Extension" */ = {
			isa = XCConfigurationList;
			buildConfigurations = (
				6CDF289F25B30C9200ADA785 /* Debug */,
				6CDF28A025B30C9200ADA785 /* Release */,
			);
			defaultConfigurationIsVisible = 0;
			defaultConfigurationName = Release;
		};
		6CDF28A225B30C9200ADA785 /* Build configuration list for PBXNativeTarget "SwiftUICharts Demo (watchOS)" */ = {
			isa = XCConfigurationList;
			buildConfigurations = (
				6CDF289C25B30C9200ADA785 /* Debug */,
				6CDF289D25B30C9200ADA785 /* Release */,
			);
			defaultConfigurationIsVisible = 0;
			defaultConfigurationName = Release;
		};
/* End XCConfigurationList section */

/* Begin XCRemoteSwiftPackageReference section */
		6C75296625B1D27900F9A126 /* XCRemoteSwiftPackageReference "SwiftUICharts" */ = {
			isa = XCRemoteSwiftPackageReference;
			repositoryURL = "https://github.com/willdale/SwiftUICharts.git";
			requirement = {
				kind = upToNextMajorVersion;
				minimumVersion = 2.0.0;
			};
		};
/* End XCRemoteSwiftPackageReference section */

/* Begin XCSwiftPackageProductDependency section */
		6C23A46C25B1FA6D00BD364E /* SwiftUICharts */ = {
			isa = XCSwiftPackageProductDependency;
			productName = SwiftUICharts;
		};
		6C75296725B1D27900F9A126 /* SwiftUICharts */ = {
			isa = XCSwiftPackageProductDependency;
			package = 6C75296625B1D27900F9A126 /* XCRemoteSwiftPackageReference "SwiftUICharts" */;
			productName = SwiftUICharts;
		};
		6C75296B25B1D2F200F9A126 /* SwiftUICharts */ = {
			isa = XCSwiftPackageProductDependency;
			package = 6C75296625B1D27900F9A126 /* XCRemoteSwiftPackageReference "SwiftUICharts" */;
			productName = SwiftUICharts;
		};
		6CDF28AD25B30CCC00ADA785 /* SwiftUICharts */ = {
			isa = XCSwiftPackageProductDependency;
			productName = SwiftUICharts;
		};
/* End XCSwiftPackageProductDependency section */
	};
	rootObject = 6CC59B6F25AB0D7B009D405A /* Project object */;
}
