{
  "object": {
    "pins": [
      {
        "package": "SwiftUICharts",
        "repositoryURL": "https://github.com/willdale/SwiftUICharts.git",
        "state": {
          "branch": null,
          "revision": "6ec08b1f3da5598a0ac72ab1f11f0b01906c77e5",
          "version": "1.0.0"
        }
      }
    ]
  },
  "version": 1
}
